<?xml version="1.0" encoding="utf-8"?>
<Project ToolsVersion="4.0" xmlns="http://schemas.microsoft.com/developer/msbuild/2003">
  <ItemGroup>
    <Filter Include="Source Files">
      <UniqueIdentifier>{4FC737F1-C7A5-4376-A066-2A32D752A2FF}</UniqueIdentifier>
      <Extensions>cpp;c;cc;cxx;def;odl;idl;hpj;bat;asm;asmx</Extensions>
    </Filter>
    <Filter Include="Header Files">
      <UniqueIdentifier>{93995380-89BD-4b04-88EB-625FBE52EBFB}</UniqueIdentifier>
      <Extensions>h;hpp;hxx;hm;inl;inc;xsd</Extensions>
    </Filter>
    <Filter Include="Resource Files">
      <UniqueIdentifier>{67DA6AB6-F800-4c08-8B7A-83BB121AAD01}</UniqueIdentifier>
      <Extensions>rc;ico;cur;bmp;dlg;rc2;rct;bin;rgs;gif;jpg;jpeg;jpe;resx;tiff;tif;png;wav;mfcribbon-ms</Extensions>
    </Filter>
  </ItemGroup>
  <ItemGroup>
    <ClInclude Include="las.hpp">
      <Filter>Header Files</Filter>
    </ClInclude>
    <ClInclude Include="las_exception.hpp">
      <Filter>Header Files</Filter>
    </ClInclude>
    <ClInclude Include="las_ifstream.hpp">
      <Filter>Header Files</Filter>
    </ClInclude>
    <ClInclude Include="las_namespace.hpp">
      <Filter>Header Files</Filter>
    </ClInclude>
    <ClInclude Include="las_ofstream.hpp">
      <Filter>Header Files</Filter>
    </ClInclude>
    <ClInclude Include="las_pack.hpp">
      <Filter>Header Files</Filter>
    </ClInclude>
    <ClInclude Include="las_point.hpp">
      <Filter>Header Files</Filter>
    </ClInclude>
    <ClInclude Include="las_static_assert.hpp">
      <Filter>Header Files</Filter>
    </ClInclude>
    <ClInclude Include="las10.hpp">
      <Filter>Header Files</Filter>
    </ClInclude>
    <ClInclude Include="las10_namespace.hpp">
      <Filter>Header Files</Filter>
    </ClInclude>
    <ClInclude Include="las10_point_data_record_format.hpp">
      <Filter>Header Files</Filter>
    </ClInclude>
    <ClInclude Include="las10_public_header_block.hpp">
      <Filter>Header Files</Filter>
    </ClInclude>
    <ClInclude Include="las10_read.hpp">
      <Filter>Header Files</Filter>
    </ClInclude>
    <ClInclude Include="las10_types.hpp">
      <Filter>Header Files</Filter>
    </ClInclude>
    <ClInclude Include="las10_variable_length_record.hpp">
      <Filter>Header Files</Filter>
    </ClInclude>
    <ClInclude Include="las10_variable_length_record_header.hpp">
      <Filter>Header Files</Filter>
    </ClInclude>
  </ItemGroup>
</Project>